// !$*UTF8*$!
{
	archiveVersion = 1;
	classes = {
	};
	objectVersion = 55;
	objects = {

/* Begin PBXBuildFile section */
		014FDBD42856C158008E18E4 /* LandmarksApp.swift in Sources */ = {isa = PBXBuildFile; fileRef = 014FDBD32856C158008E18E4 /* LandmarksApp.swift */; };
		014FDBD62856C158008E18E4 /* ContentView.swift in Sources */ = {isa = PBXBuildFile; fileRef = 014FDBD52856C158008E18E4 /* ContentView.swift */; };
		014FDBD82856C15B008E18E4 /* Assets.xcassets in Resources */ = {isa = PBXBuildFile; fileRef = 014FDBD72856C15B008E18E4 /* Assets.xcassets */; };
		014FDBDB2856C15B008E18E4 /* Preview Assets.xcassets in Resources */ = {isa = PBXBuildFile; fileRef = 014FDBDA2856C15B008E18E4 /* Preview Assets.xcassets */; };
		014FDBE52856C15B008E18E4 /* LandmarksTests.swift in Sources */ = {isa = PBXBuildFile; fileRef = 014FDBE42856C15B008E18E4 /* LandmarksTests.swift */; };
		014FDBEF2856C15B008E18E4 /* LandmarksUITests.swift in Sources */ = {isa = PBXBuildFile; fileRef = 014FDBEE2856C15B008E18E4 /* LandmarksUITests.swift */; };
		014FDBF12856C15B008E18E4 /* LandmarksUITestsLaunchTests.swift in Sources */ = {isa = PBXBuildFile; fileRef = 014FDBF02856C15B008E18E4 /* LandmarksUITestsLaunchTests.swift */; };
		014FDC0028570F45008E18E4 /* CircleImage.swift in Sources */ = {isa = PBXBuildFile; fileRef = 014FDBFF28570F45008E18E4 /* CircleImage.swift */; };
		014FDC0228571113008E18E4 /* MapView.swift in Sources */ = {isa = PBXBuildFile; fileRef = 014FDC0128571113008E18E4 /* MapView.swift */; };
		014FDC0B2857160E008E18E4 /* Landmark.swift in Sources */ = {isa = PBXBuildFile; fileRef = 014FDC0A2857160E008E18E4 /* Landmark.swift */; };
		014FDC0E28571621008E18E4 /* landmarkData.json in Resources */ = {isa = PBXBuildFile; fileRef = 014FDC0D28571621008E18E4 /* landmarkData.json */; };
		014FDC10285717FA008E18E4 /* ModelData.swift in Sources */ = {isa = PBXBuildFile; fileRef = 014FDC0F285717FA008E18E4 /* ModelData.swift */; };
		014FDC1328571A4D008E18E4 /* LandmarkRow.swift in Sources */ = {isa = PBXBuildFile; fileRef = 014FDC1228571A4D008E18E4 /* LandmarkRow.swift */; };
/* End PBXBuildFile section */

/* Begin PBXContainerItemProxy section */
		014FDBE12856C15B008E18E4 /* PBXContainerItemProxy */ = {
			isa = PBXContainerItemProxy;
			containerPortal = 014FDBC82856C158008E18E4 /* Project object */;
			proxyType = 1;
			remoteGlobalIDString = 014FDBCF2856C158008E18E4;
			remoteInfo = Landmarks;
		};
		014FDBEB2856C15B008E18E4 /* PBXContainerItemProxy */ = {
			isa = PBXContainerItemProxy;
			containerPortal = 014FDBC82856C158008E18E4 /* Project object */;
			proxyType = 1;
			remoteGlobalIDString = 014FDBCF2856C158008E18E4;
			remoteInfo = Landmarks;
		};
/* End PBXContainerItemProxy section */

/* Begin PBXFileReference section */
		014FDBD02856C158008E18E4 /* Landmarks.app */ = {isa = PBXFileReference; explicitFileType = wrapper.application; includeInIndex = 0; path = Landmarks.app; sourceTree = BUILT_PRODUCTS_DIR; };
		014FDBD32856C158008E18E4 /* LandmarksApp.swift */ = {isa = PBXFileReference; lastKnownFileType = sourcecode.swift; path = LandmarksApp.swift; sourceTree = "<group>"; };
		014FDBD52856C158008E18E4 /* ContentView.swift */ = {isa = PBXFileReference; lastKnownFileType = sourcecode.swift; path = ContentView.swift; sourceTree = "<group>"; };
		014FDBD72856C15B008E18E4 /* Assets.xcassets */ = {isa = PBXFileReference; lastKnownFileType = folder.assetcatalog; path = Assets.xcassets; sourceTree = "<group>"; };
		014FDBDA2856C15B008E18E4 /* Preview Assets.xcassets */ = {isa = PBXFileReference; lastKnownFileType = folder.assetcatalog; path = "Preview Assets.xcassets"; sourceTree = "<group>"; };
		014FDBE02856C15B008E18E4 /* LandmarksTests.xctest */ = {isa = PBXFileReference; explicitFileType = wrapper.cfbundle; includeInIndex = 0; path = LandmarksTests.xctest; sourceTree = BUILT_PRODUCTS_DIR; };
		014FDBE42856C15B008E18E4 /* LandmarksTests.swift */ = {isa = PBXFileReference; lastKnownFileType = sourcecode.swift; path = LandmarksTests.swift; sourceTree = "<group>"; };
		014FDBEA2856C15B008E18E4 /* LandmarksUITests.xctest */ = {isa = PBXFileReference; explicitFileType = wrapper.cfbundle; includeInIndex = 0; path = LandmarksUITests.xctest; sourceTree = BUILT_PRODUCTS_DIR; };
		014FDBEE2856C15B008E18E4 /* LandmarksUITests.swift */ = {isa = PBXFileReference; lastKnownFileType = sourcecode.swift; path = LandmarksUITests.swift; sourceTree = "<group>"; };
		014FDBF02856C15B008E18E4 /* LandmarksUITestsLaunchTests.swift */ = {isa = PBXFileReference; lastKnownFileType = sourcecode.swift; path = LandmarksUITestsLaunchTests.swift; sourceTree = "<group>"; };
		014FDBFF28570F45008E18E4 /* CircleImage.swift */ = {isa = PBXFileReference; lastKnownFileType = sourcecode.swift; path = CircleImage.swift; sourceTree = "<group>"; };
		014FDC0128571113008E18E4 /* MapView.swift */ = {isa = PBXFileReference; lastKnownFileType = sourcecode.swift; path = MapView.swift; sourceTree = "<group>"; };
		014FDC0A2857160E008E18E4 /* Landmark.swift */ = {isa = PBXFileReference; lastKnownFileType = sourcecode.swift; path = Landmark.swift; sourceTree = "<group>"; };
		014FDC0D28571621008E18E4 /* landmarkData.json */ = {isa = PBXFileReference; fileEncoding = 4; lastKnownFileType = text.json; path = landmarkData.json; sourceTree = "<group>"; };
		014FDC0F285717FA008E18E4 /* ModelData.swift */ = {isa = PBXFileReference; lastKnownFileType = sourcecode.swift; path = ModelData.swift; sourceTree = "<group>"; };
		014FDC1228571A4D008E18E4 /* LandmarkRow.swift */ = {isa = PBXFileReference; lastKnownFileType = sourcecode.swift; path = LandmarkRow.swift; sourceTree = "<group>"; };
/* End PBXFileReference section */

/* Begin PBXFrameworksBuildPhase section */
		014FDBCD2856C158008E18E4 /* Frameworks */ = {
			isa = PBXFrameworksBuildPhase;
			buildActionMask = 2147483647;
			files = (
			);
			runOnlyForDeploymentPostprocessing = 0;
		};
		014FDBDD2856C15B008E18E4 /* Frameworks */ = {
			isa = PBXFrameworksBuildPhase;
			buildActionMask = 2147483647;
			files = (
			);
			runOnlyForDeploymentPostprocessing = 0;
		};
		014FDBE72856C15B008E18E4 /* Frameworks */ = {
			isa = PBXFrameworksBuildPhase;
			buildActionMask = 2147483647;
			files = (
			);
			runOnlyForDeploymentPostprocessing = 0;
		};
/* End PBXFrameworksBuildPhase section */

/* Begin PBXGroup section */
		014FDBC72856C158008E18E4 = {
			isa = PBXGroup;
			children = (
				014FDBD22856C158008E18E4 /* Landmarks */,
				014FDBE32856C15B008E18E4 /* LandmarksTests */,
				014FDBED2856C15B008E18E4 /* LandmarksUITests */,
				014FDBD12856C158008E18E4 /* Products */,
			);
			sourceTree = "<group>";
		};
		014FDBD12856C158008E18E4 /* Products */ = {
			isa = PBXGroup;
			children = (
				014FDBD02856C158008E18E4 /* Landmarks.app */,
				014FDBE02856C15B008E18E4 /* LandmarksTests.xctest */,
				014FDBEA2856C15B008E18E4 /* LandmarksUITests.xctest */,
			);
			name = Products;
			sourceTree = "<group>";
		};
		014FDBD22856C158008E18E4 /* Landmarks */ = {
			isa = PBXGroup;
			children = (
				014FDBD32856C158008E18E4 /* LandmarksApp.swift */,
				014FDBD52856C158008E18E4 /* ContentView.swift */,
				014FDC0528571579008E18E4 /* Custom Views */,
				014FDC0C28571614008E18E4 /* Model */,
				014FDC11285719A7008E18E4 /* Resources */,
				014FDBD92856C15B008E18E4 /* Preview Content */,
			);
			path = Landmarks;
			sourceTree = "<group>";
		};
		014FDBD92856C15B008E18E4 /* Preview Content */ = {
			isa = PBXGroup;
			children = (
				014FDBDA2856C15B008E18E4 /* Preview Assets.xcassets */,
			);
			path = "Preview Content";
			sourceTree = "<group>";
		};
		014FDBE32856C15B008E18E4 /* LandmarksTests */ = {
			isa = PBXGroup;
			children = (
				014FDBE42856C15B008E18E4 /* LandmarksTests.swift */,
			);
			path = LandmarksTests;
			sourceTree = "<group>";
		};
		014FDBED2856C15B008E18E4 /* LandmarksUITests */ = {
			isa = PBXGroup;
			children = (
				014FDBEE2856C15B008E18E4 /* LandmarksUITests.swift */,
				014FDBF02856C15B008E18E4 /* LandmarksUITestsLaunchTests.swift */,
			);
			path = LandmarksUITests;
			sourceTree = "<group>";
		};
		014FDC0528571579008E18E4 /* Custom Views */ = {
			isa = PBXGroup;
			children = (
				014FDBFF28570F45008E18E4 /* CircleImage.swift */,
				014FDC0128571113008E18E4 /* MapView.swift */,
			);
			path = "Custom Views";
			sourceTree = "<group>";
		};
		014FDC0C28571614008E18E4 /* Model */ = {
			isa = PBXGroup;
			children = (
				014FDC0A2857160E008E18E4 /* Landmark.swift */,
				014FDC0F285717FA008E18E4 /* ModelData.swift */,
			);
			path = Model;
			sourceTree = "<group>";
		};
		014FDC11285719A7008E18E4 /* Resources */ = {
			isa = PBXGroup;
			children = (
				014FDBD72856C15B008E18E4 /* Assets.xcassets */,
				014FDC1228571A4D008E18E4 /* LandmarkRow.swift */,
				014FDC0D28571621008E18E4 /* landmarkData.json */,
			);
			path = Resources;
			sourceTree = "<group>";
		};
/* End PBXGroup section */

/* Begin PBXNativeTarget section */
		014FDBCF2856C158008E18E4 /* Landmarks */ = {
			isa = PBXNativeTarget;
			buildConfigurationList = 014FDBF42856C15B008E18E4 /* Build configuration list for PBXNativeTarget "Landmarks" */;
			buildPhases = (
				014FDBCC2856C158008E18E4 /* Sources */,
				014FDBCD2856C158008E18E4 /* Frameworks */,
				014FDBCE2856C158008E18E4 /* Resources */,
			);
			buildRules = (
			);
			dependencies = (
			);
			name = Landmarks;
			productName = Landmarks;
			productReference = 014FDBD02856C158008E18E4 /* Landmarks.app */;
			productType = "com.apple.product-type.application";
		};
		014FDBDF2856C15B008E18E4 /* LandmarksTests */ = {
			isa = PBXNativeTarget;
			buildConfigurationList = 014FDBF72856C15B008E18E4 /* Build configuration list for PBXNativeTarget "LandmarksTests" */;
			buildPhases = (
				014FDBDC2856C15B008E18E4 /* Sources */,
				014FDBDD2856C15B008E18E4 /* Frameworks */,
				014FDBDE2856C15B008E18E4 /* Resources */,
			);
			buildRules = (
			);
			dependencies = (
				014FDBE22856C15B008E18E4 /* PBXTargetDependency */,
			);
			name = LandmarksTests;
			productName = LandmarksTests;
			productReference = 014FDBE02856C15B008E18E4 /* LandmarksTests.xctest */;
			productType = "com.apple.product-type.bundle.unit-test";
		};
		014FDBE92856C15B008E18E4 /* LandmarksUITests */ = {
			isa = PBXNativeTarget;
			buildConfigurationList = 014FDBFA2856C15B008E18E4 /* Build configuration list for PBXNativeTarget "LandmarksUITests" */;
			buildPhases = (
				014FDBE62856C15B008E18E4 /* Sources */,
				014FDBE72856C15B008E18E4 /* Frameworks */,
				014FDBE82856C15B008E18E4 /* Resources */,
			);
			buildRules = (
			);
			dependencies = (
				014FDBEC2856C15B008E18E4 /* PBXTargetDependency */,
			);
			name = LandmarksUITests;
			productName = LandmarksUITests;
			productReference = 014FDBEA2856C15B008E18E4 /* LandmarksUITests.xctest */;
			productType = "com.apple.product-type.bundle.ui-testing";
		};
/* End PBXNativeTarget section */

/* Begin PBXProject section */
		014FDBC82856C158008E18E4 /* Project object */ = {
			isa = PBXProject;
			attributes = {
				BuildIndependentTargetsInParallel = 1;
				LastSwiftUpdateCheck = 1330;
				LastUpgradeCheck = 1330;
				TargetAttributes = {
					014FDBCF2856C158008E18E4 = {
						CreatedOnToolsVersion = 13.3.1;
					};
					014FDBDF2856C15B008E18E4 = {
						CreatedOnToolsVersion = 13.3.1;
						TestTargetID = 014FDBCF2856C158008E18E4;
					};
					014FDBE92856C15B008E18E4 = {
						CreatedOnToolsVersion = 13.3.1;
						TestTargetID = 014FDBCF2856C158008E18E4;
					};
				};
			};
			buildConfigurationList = 014FDBCB2856C158008E18E4 /* Build configuration list for PBXProject "Landmarks" */;
			compatibilityVersion = "Xcode 13.0";
			developmentRegion = en;
			hasScannedForEncodings = 0;
			knownRegions = (
				en,
				Base,
			);
			mainGroup = 014FDBC72856C158008E18E4;
			productRefGroup = 014FDBD12856C158008E18E4 /* Products */;
			projectDirPath = "";
			projectRoot = "";
			targets = (
				014FDBCF2856C158008E18E4 /* Landmarks */,
				014FDBDF2856C15B008E18E4 /* LandmarksTests */,
				014FDBE92856C15B008E18E4 /* LandmarksUITests */,
			);
		};
/* End PBXProject section */

/* Begin PBXResourcesBuildPhase section */
		014FDBCE2856C158008E18E4 /* Resources */ = {
			isa = PBXResourcesBuildPhase;
			buildActionMask = 2147483647;
			files = (
				014FDBDB2856C15B008E18E4 /* Preview Assets.xcassets in Resources */,
				014FDC0E28571621008E18E4 /* landmarkData.json in Resources */,
				014FDBD82856C15B008E18E4 /* Assets.xcassets in Resources */,
			);
			runOnlyForDeploymentPostprocessing = 0;
		};
		014FDBDE2856C15B008E18E4 /* Resources */ = {
			isa = PBXResourcesBuildPhase;
			buildActionMask = 2147483647;
			files = (
			);
			runOnlyForDeploymentPostprocessing = 0;
		};
		014FDBE82856C15B008E18E4 /* Resources */ = {
			isa = PBXResourcesBuildPhase;
			buildActionMask = 2147483647;
			files = (
			);
			runOnlyForDeploymentPostprocessing = 0;
		};
/* End PBXResourcesBuildPhase section */

/* Begin PBXSourcesBuildPhase section */
		014FDBCC2856C158008E18E4 /* Sources */ = {
			isa = PBXSourcesBuildPhase;
			buildActionMask = 2147483647;
			files = (
				014FDBD62856C158008E18E4 /* ContentView.swift in Sources */,
				014FDC0228571113008E18E4 /* MapView.swift in Sources */,
				014FDBD42856C158008E18E4 /* LandmarksApp.swift in Sources */,
				014FDC0028570F45008E18E4 /* CircleImage.swift in Sources */,
				014FDC0B2857160E008E18E4 /* Landmark.swift in Sources */,
				014FDC1328571A4D008E18E4 /* LandmarkRow.swift in Sources */,
				014FDC10285717FA008E18E4 /* ModelData.swift in Sources */,
			);
			runOnlyForDeploymentPostprocessing = 0;
		};
		014FDBDC2856C15B008E18E4 /* Sources */ = {
			isa = PBXSourcesBuildPhase;
			buildActionMask = 2147483647;
			files = (
				014FDBE52856C15B008E18E4 /* LandmarksTests.swift in Sources */,
			);
			runOnlyForDeploymentPostprocessing = 0;
		};
		014FDBE62856C15B008E18E4 /* Sources */ = {
			isa = PBXSourcesBuildPhase;
			buildActionMask = 2147483647;
			files = (
				014FDBF12856C15B008E18E4 /* LandmarksUITestsLaunchTests.swift in Sources */,
				014FDBEF2856C15B008E18E4 /* LandmarksUITests.swift in Sources */,
			);
			runOnlyForDeploymentPostprocessing = 0;
		};
/* End PBXSourcesBuildPhase section */

/* Begin PBXTargetDependency section */
		014FDBE22856C15B008E18E4 /* PBXTargetDependency */ = {
			isa = PBXTargetDependency;
			target = 014FDBCF2856C158008E18E4 /* Landmarks */;
			targetProxy = 014FDBE12856C15B008E18E4 /* PBXContainerItemProxy */;
		};
		014FDBEC2856C15B008E18E4 /* PBXTargetDependency */ = {
			isa = PBXTargetDependency;
			target = 014FDBCF2856C158008E18E4 /* Landmarks */;
			targetProxy = 014FDBEB2856C15B008E18E4 /* PBXContainerItemProxy */;
		};
/* End PBXTargetDependency section */

/* Begin XCBuildConfiguration section */
		014FDBF22856C15B008E18E4 /* Debug */ = {
			isa = XCBuildConfiguration;
			buildSettings = {
				ALWAYS_SEARCH_USER_PATHS = NO;
				CLANG_ANALYZER_NONNULL = YES;
				CLANG_ANALYZER_NUMBER_OBJECT_CONVERSION = YES_AGGRESSIVE;
				CLANG_CXX_LANGUAGE_STANDARD = "gnu++17";
				CLANG_ENABLE_MODULES = YES;
				CLANG_ENABLE_OBJC_ARC = YES;
				CLANG_ENABLE_OBJC_WEAK = YES;
				CLANG_WARN_BLOCK_CAPTURE_AUTORELEASING = YES;
				CLANG_WARN_BOOL_CONVERSION = YES;
				CLANG_WARN_COMMA = YES;
				CLANG_WARN_CONSTANT_CONVERSION = YES;
				CLANG_WARN_DEPRECATED_OBJC_IMPLEMENTATIONS = YES;
				CLANG_WARN_DIRECT_OBJC_ISA_USAGE = YES_ERROR;
				CLANG_WARN_DOCUMENTATION_COMMENTS = YES;
				CLANG_WARN_EMPTY_BODY = YES;
				CLANG_WARN_ENUM_CONVERSION = YES;
				CLANG_WARN_INFINITE_RECURSION = YES;
				CLANG_WARN_INT_CONVERSION = YES;
				CLANG_WARN_NON_LITERAL_NULL_CONVERSION = YES;
				CLANG_WARN_OBJC_IMPLICIT_RETAIN_SELF = YES;
				CLANG_WARN_OBJC_LITERAL_CONVERSION = YES;
				CLANG_WARN_OBJC_ROOT_CLASS = YES_ERROR;
				CLANG_WARN_QUOTED_INCLUDE_IN_FRAMEWORK_HEADER = YES;
				CLANG_WARN_RANGE_LOOP_ANALYSIS = YES;
				CLANG_WARN_STRICT_PROTOTYPES = YES;
				CLANG_WARN_SUSPICIOUS_MOVE = YES;
				CLANG_WARN_UNGUARDED_AVAILABILITY = YES_AGGRESSIVE;
				CLANG_WARN_UNREACHABLE_CODE = YES;
				CLANG_WARN__DUPLICATE_METHOD_MATCH = YES;
				COPY_PHASE_STRIP = NO;
				DEBUG_INFORMATION_FORMAT = dwarf;
				ENABLE_STRICT_OBJC_MSGSEND = YES;
				ENABLE_TESTABILITY = YES;
				GCC_C_LANGUAGE_STANDARD = gnu11;
				GCC_DYNAMIC_NO_PIC = NO;
				GCC_NO_COMMON_BLOCKS = YES;
				GCC_OPTIMIZATION_LEVEL = 0;
				GCC_PREPROCESSOR_DEFINITIONS = (
					"DEBUG=1",
					"$(inherited)",
				);
				GCC_WARN_64_TO_32_BIT_CONVERSION = YES;
				GCC_WARN_ABOUT_RETURN_TYPE = YES_ERROR;
				GCC_WARN_UNDECLARED_SELECTOR = YES;
				GCC_WARN_UNINITIALIZED_AUTOS = YES_AGGRESSIVE;
				GCC_WARN_UNUSED_FUNCTION = YES;
				GCC_WARN_UNUSED_VARIABLE = YES;
				IPHONEOS_DEPLOYMENT_TARGET = 15.4;
				MTL_ENABLE_DEBUG_INFO = INCLUDE_SOURCE;
				MTL_FAST_MATH = YES;
				ONLY_ACTIVE_ARCH = YES;
				SDKROOT = iphoneos;
				SWIFT_ACTIVE_COMPILATION_CONDITIONS = DEBUG;
				SWIFT_OPTIMIZATION_LEVEL = "-Onone";
			};
			name = Debug;
		};
		014FDBF32856C15B008E18E4 /* Release */ = {
			isa = XCBuildConfiguration;
			buildSettings = {
				ALWAYS_SEARCH_USER_PATHS = NO;
				CLANG_ANALYZER_NONNULL = YES;
				CLANG_ANALYZER_NUMBER_OBJECT_CONVERSION = YES_AGGRESSIVE;
				CLANG_CXX_LANGUAGE_STANDARD = "gnu++17";
				CLANG_ENABLE_MODULES = YES;
				CLANG_ENABLE_OBJC_ARC = YES;
				CLANG_ENABLE_OBJC_WEAK = YES;
				CLANG_WARN_BLOCK_CAPTURE_AUTORELEASING = YES;
				CLANG_WARN_BOOL_CONVERSION = YES;
				CLANG_WARN_COMMA = YES;
				CLANG_WARN_CONSTANT_CONVERSION = YES;
				CLANG_WARN_DEPRECATED_OBJC_IMPLEMENTATIONS = YES;
				CLANG_WARN_DIRECT_OBJC_ISA_USAGE = YES_ERROR;
				CLANG_WARN_DOCUMENTATION_COMMENTS = YES;
				CLANG_WARN_EMPTY_BODY = YES;
				CLANG_WARN_ENUM_CONVERSION = YES;
				CLANG_WARN_INFINITE_RECURSION = YES;
				CLANG_WARN_INT_CONVERSION = YES;
				CLANG_WARN_NON_LITERAL_NULL_CONVERSION = YES;
				CLANG_WARN_OBJC_IMPLICIT_RETAIN_SELF = YES;
				CLANG_WARN_OBJC_LITERAL_CONVERSION = YES;
				CLANG_WARN_OBJC_ROOT_CLASS = YES_ERROR;
				CLANG_WARN_QUOTED_INCLUDE_IN_FRAMEWORK_HEADER = YES;
				CLANG_WARN_RANGE_LOOP_ANALYSIS = YES;
				CLANG_WARN_STRICT_PROTOTYPES = YES;
				CLANG_WARN_SUSPICIOUS_MOVE = YES;
				CLANG_WARN_UNGUARDED_AVAILABILITY = YES_AGGRESSIVE;
				CLANG_WARN_UNREACHABLE_CODE = YES;
				CLANG_WARN__DUPLICATE_METHOD_MATCH = YES;
				COPY_PHASE_STRIP = NO;
				DEBUG_INFORMATION_FORMAT = "dwarf-with-dsym";
				ENABLE_NS_ASSERTIONS = NO;
				ENABLE_STRICT_OBJC_MSGSEND = YES;
				GCC_C_LANGUAGE_STANDARD = gnu11;
				GCC_NO_COMMON_BLOCKS = YES;
				GCC_WARN_64_TO_32_BIT_CONVERSION = YES;
				GCC_WARN_ABOUT_RETURN_TYPE = YES_ERROR;
				GCC_WARN_UNDECLARED_SELECTOR = YES;
				GCC_WARN_UNINITIALIZED_AUTOS = YES_AGGRESSIVE;
				GCC_WARN_UNUSED_FUNCTION = YES;
				GCC_WARN_UNUSED_VARIABLE = YES;
				IPHONEOS_DEPLOYMENT_TARGET = 15.4;
				MTL_ENABLE_DEBUG_INFO = NO;
				MTL_FAST_MATH = YES;
				SDKROOT = iphoneos;
				SWIFT_COMPILATION_MODE = wholemodule;
				SWIFT_OPTIMIZATION_LEVEL = "-O";
				VALIDATE_PRODUCT = YES;
			};
			name = Release;
		};
		014FDBF52856C15B008E18E4 /* Debug */ = {
			isa = XCBuildConfiguration;
			buildSettings = {
				ASSETCATALOG_COMPILER_APPICON_NAME = AppIcon;
				ASSETCATALOG_COMPILER_GLOBAL_ACCENT_COLOR_NAME = AccentColor;
				CODE_SIGN_STYLE = Automatic;
				CURRENT_PROJECT_VERSION = 1;
				DEVELOPMENT_ASSET_PATHS = "\"Landmarks/Preview Content\"";
				DEVELOPMENT_TEAM = B9KMJ3NRM7;
				ENABLE_PREVIEWS = YES;
				GENERATE_INFOPLIST_FILE = YES;
				INFOPLIST_KEY_UIApplicationSceneManifest_Generation = YES;
				INFOPLIST_KEY_UIApplicationSupportsIndirectInputEvents = YES;
				INFOPLIST_KEY_UILaunchScreen_Generation = YES;
				INFOPLIST_KEY_UISupportedInterfaceOrientations_iPad = "UIInterfaceOrientationPortrait UIInterfaceOrientationPortraitUpsideDown UIInterfaceOrientationLandscapeLeft UIInterfaceOrientationLandscapeRight";
				INFOPLIST_KEY_UISupportedInterfaceOrientations_iPhone = "UIInterfaceOrientationPortrait UIInterfaceOrientationLandscapeLeft UIInterfaceOrientationLandscapeRight";
				LD_RUNPATH_SEARCH_PATHS = (
					"$(inherited)",
					"@executable_path/Frameworks",
				);
				MARKETING_VERSION = 1.0;
				PRODUCT_BUNDLE_IDENTIFIER = com.mottapplications.Landmarks;
				PRODUCT_NAME = "$(TARGET_NAME)";
				SWIFT_EMIT_LOC_STRINGS = YES;
				SWIFT_VERSION = 5.0;
				TARGETED_DEVICE_FAMILY = "1,2";
			};
			name = Debug;
		};
		014FDBF62856C15B008E18E4 /* Release */ = {
			isa = XCBuildConfiguration;
			buildSettings = {
				ASSETCATALOG_COMPILER_APPICON_NAME = AppIcon;
				ASSETCATALOG_COMPILER_GLOBAL_ACCENT_COLOR_NAME = AccentColor;
				CODE_SIGN_STYLE = Automatic;
				CURRENT_PROJECT_VERSION = 1;
				DEVELOPMENT_ASSET_PATHS = "\"Landmarks/Preview Content\"";
				DEVELOPMENT_TEAM = B9KMJ3NRM7;
				ENABLE_PREVIEWS = YES;
				GENERATE_INFOPLIST_FILE = YES;
				INFOPLIST_KEY_UIApplicationSceneManifest_Generation = YES;
				INFOPLIST_KEY_UIApplicationSupportsIndirectInputEvents = YES;
				INFOPLIST_KEY_UILaunchScreen_Generation = YES;
				INFOPLIST_KEY_UISupportedInterfaceOrientations_iPad = "UIInterfaceOrientationPortrait UIInterfaceOrientationPortraitUpsideDown UIInterfaceOrientationLandscapeLeft UIInterfaceOrientationLandscapeRight";
				INFOPLIST_KEY_UISupportedInterfaceOrientations_iPhone = "UIInterfaceOrientationPortrait UIInterfaceOrientationLandscapeLeft UIInterfaceOrientationLandscapeRight";
				LD_RUNPATH_SEARCH_PATHS = (
					"$(inherited)",
					"@executable_path/Frameworks",
				);
				MARKETING_VERSION = 1.0;
				PRODUCT_BUNDLE_IDENTIFIER = com.mottapplications.Landmarks;
				PRODUCT_NAME = "$(TARGET_NAME)";
				SWIFT_EMIT_LOC_STRINGS = YES;
				SWIFT_VERSION = 5.0;
				TARGETED_DEVICE_FAMILY = "1,2";
			};
			name = Release;
		};
		014FDBF82856C15B008E18E4 /* Debug */ = {
			isa = XCBuildConfiguration;
			buildSettings = {
				ALWAYS_EMBED_SWIFT_STANDARD_LIBRARIES = YES;
				BUNDLE_LOADER = "$(TEST_HOST)";
				CODE_SIGN_STYLE = Automatic;
				CURRENT_PROJECT_VERSION = 1;
				DEVELOPMENT_TEAM = B9KMJ3NRM7;
				GENERATE_INFOPLIST_FILE = YES;
				IPHONEOS_DEPLOYMENT_TARGET = 15.4;
				MARKETING_VERSION = 1.0;
				PRODUCT_BUNDLE_IDENTIFIER = com.mottapplications.LandmarksTests;
				PRODUCT_NAME = "$(TARGET_NAME)";
				SWIFT_EMIT_LOC_STRINGS = NO;
				SWIFT_VERSION = 5.0;
				TARGETED_DEVICE_FAMILY = "1,2";
				TEST_HOST = "$(BUILT_PRODUCTS_DIR)/Landmarks.app/Landmarks";
			};
			name = Debug;
		};
		014FDBF92856C15B008E18E4 /* Release */ = {
			isa = XCBuildConfiguration;
			buildSettings = {
				ALWAYS_EMBED_SWIFT_STANDARD_LIBRARIES = YES;
				BUNDLE_LOADER = "$(TEST_HOST)";
				CODE_SIGN_STYLE = Automatic;
				CURRENT_PROJECT_VERSION = 1;
				DEVELOPMENT_TEAM = B9KMJ3NRM7;
				GENERATE_INFOPLIST_FILE = YES;
				IPHONEOS_DEPLOYMENT_TARGET = 15.4;
				MARKETING_VERSION = 1.0;
				PRODUCT_BUNDLE_IDENTIFIER = com.mottapplications.LandmarksTests;
				PRODUCT_NAME = "$(TARGET_NAME)";
				SWIFT_EMIT_LOC_STRINGS = NO;
				SWIFT_VERSION = 5.0;
				TARGETED_DEVICE_FAMILY = "1,2";
				TEST_HOST = "$(BUILT_PRODUCTS_DIR)/Landmarks.app/Landmarks";
			};
			name = Release;
		};
		014FDBFB2856C15B008E18E4 /* Debug */ = {
			isa = XCBuildConfiguration;
			buildSettings = {
				ALWAYS_EMBED_SWIFT_STANDARD_LIBRARIES = YES;
				CODE_SIGN_STYLE = Automatic;
				CURRENT_PROJECT_VERSION = 1;
				DEVELOPMENT_TEAM = B9KMJ3NRM7;
				GENERATE_INFOPLIST_FILE = YES;
				MARKETING_VERSION = 1.0;
				PRODUCT_BUNDLE_IDENTIFIER = com.mottapplications.LandmarksUITests;
				PRODUCT_NAME = "$(TARGET_NAME)";
				SWIFT_EMIT_LOC_STRINGS = NO;
				SWIFT_VERSION = 5.0;
				TARGETED_DEVICE_FAMILY = "1,2";
				TEST_TARGET_NAME = Landmarks;
			};
			name = Debug;
		};
		014FDBFC2856C15B008E18E4 /* Release */ = {
			isa = XCBuildConfiguration;
			buildSettings = {
				ALWAYS_EMBED_SWIFT_STANDARD_LIBRARIES = YES;
				CODE_SIGN_STYLE = Automatic;
				CURRENT_PROJECT_VERSION = 1;
				DEVELOPMENT_TEAM = B9KMJ3NRM7;
				GENERATE_INFOPLIST_FILE = YES;
				MARKETING_VERSION = 1.0;
				PRODUCT_BUNDLE_IDENTIFIER = com.mottapplications.LandmarksUITests;
				PRODUCT_NAME = "$(TARGET_NAME)";
				SWIFT_EMIT_LOC_STRINGS = NO;
				SWIFT_VERSION = 5.0;
				TARGETED_DEVICE_FAMILY = "1,2";
				TEST_TARGET_NAME = Landmarks;
			};
			name = Release;
		};
/* End XCBuildConfiguration section */

/* Begin XCConfigurationList section */
		014FDBCB2856C158008E18E4 /* Build configuration list for PBXProject "Landmarks" */ = {
			isa = XCConfigurationList;
			buildConfigurations = (
				014FDBF22856C15B008E18E4 /* Debug */,
				014FDBF32856C15B008E18E4 /* Release */,
			);
			defaultConfigurationIsVisible = 0;
			defaultConfigurationName = Release;
		};
		014FDBF42856C15B008E18E4 /* Build configuration list for PBXNativeTarget "Landmarks" */ = {
			isa = XCConfigurationList;
			buildConfigurations = (
				014FDBF52856C15B008E18E4 /* Debug */,
				014FDBF62856C15B008E18E4 /* Release */,
			);
			defaultConfigurationIsVisible = 0;
			defaultConfigurationName = Release;
		};
		014FDBF72856C15B008E18E4 /* Build configuration list for PBXNativeTarget "LandmarksTests" */ = {
			isa = XCConfigurationList;
			buildConfigurations = (
				014FDBF82856C15B008E18E4 /* Debug */,
				014FDBF92856C15B008E18E4 /* Release */,
			);
			defaultConfigurationIsVisible = 0;
			defaultConfigurationName = Release;
		};
		014FDBFA2856C15B008E18E4 /* Build configuration list for PBXNativeTarget "LandmarksUITests" */ = {
			isa = XCConfigurationList;
			buildConfigurations = (
				014FDBFB2856C15B008E18E4 /* Debug */,
				014FDBFC2856C15B008E18E4 /* Release */,
			);
			defaultConfigurationIsVisible = 0;
			defaultConfigurationName = Release;
		};
/* End XCConfigurationList section */
	};
	rootObject = 014FDBC82856C158008E18E4 /* Project object */;
}
